
Microsoft Visual Studio Solution File, Format Version 12.00
# Visual Studio Version 16
VisualStudioVersion = 16.0.29905.134
MinimumVisualStudioVersion = 10.0.40219.1
Project("{FAE04EC0-301F-11D3-BF4B-00C04F79EFBC}") = "PirateSpeak", "PirateSpeak\PirateSpeak.csproj", "{D852D465-5B86-49EB-870A-B5ABEA67A417}"
EndProject
Project("{FAE04EC0-301F-11D3-BF4B-00C04F79EFBC}") = "PirateSpeak.Tests", "PirateSpeak.Tests\PirateSpeak.Tests.csproj", "{EEE34D94-D49F-4E14-8D6A-C193EE9C36FC}"
EndProject
Global
	GlobalSection(SolutionConfigurationPlatforms) = preSolution
		Debug|Any CPU = Debug|Any CPU
		Release|Any CPU = Release|Any CPU
	EndGlobalSection
	GlobalSection(ProjectConfigurationPlatforms) = postSolution
		{D852D465-5B86-49EB-870A-B5ABEA67A417}.Debug|Any CPU.ActiveCfg = Debug|Any CPU
		{D852D465-5B86-49EB-870A-B5ABEA67A417}.Debug|Any CPU.Build.0 = Debug|Any CPU
		{D852D465-5B86-49EB-870A-B5ABEA67A417}.Release|Any CPU.ActiveCfg = Release|Any CPU
		{D852D465-5B86-49EB-870A-B5ABEA67A417}.Release|Any CPU.Build.0 = Release|Any CPU
		{EEE34D94-D49F-4E14-8D6A-C193EE9C36FC}.Debug|Any CPU.ActiveCfg = Debug|Any CPU
		{EEE34D94-D49F-4E14-8D6A-C193EE9C36FC}.Debug|Any CPU.Build.0 = Debug|Any CPU
		{EEE34D94-D49F-4E14-8D6A-C193EE9C36FC}.Release|Any CPU.ActiveCfg = Release|Any CPU
		{EEE34D94-D49F-4E14-8D6A-C193EE9C36FC}.Release|Any CPU.Build.0 = Release|Any CPU
	EndGlobalSection
	GlobalSection(SolutionProperties) = preSolution
		HideSolutionNode = FALSE
	EndGlobalSection
	GlobalSection(ExtensibilityGlobals) = postSolution
		SolutionGuid = {4DC994F9-D135-4F03-B340-DDD67D9E9B70}
	EndGlobalSection
EndGlobal
